{
  "requires": true,
  "lockfileVersion": 1,
  "dependencies": {
    "boto": {
      "version": "0.0.1",
      "resolved": "https://registry.npmjs.org/boto/-/boto-0.0.1.tgz",
      "integrity": "sha512-H8ZbaccRjLty6O9DIqjo61M8xLTEe1ueDgIUh/Nykiz9ghW6uruTDtfI4XchIIJHeRpXZ2+7jv15rq3h5N8HRg=="
    }
  }
}
